
Microsoft Visual Studio Solution File, Format Version 12.00
# Visual Studio Version 16
VisualStudioVersion = 16.0.31112.23
MinimumVisualStudioVersion = 10.0.40219.1
Project("{FAE04EC0-301F-11D3-BF4B-00C04F79EFBC}") = "convtemp", "convtemp.csproj", "{6A3902CE-51F9-4EF6-A01B-2099CB5D0020}"
EndProject
Global
	GlobalSection(SolutionConfigurationPlatforms) = preSolution
		Debug|Any CPU = Debug|Any CPU
		Release|Any CPU = Release|Any CPU
	EndGlobalSection
	GlobalSection(ProjectConfigurationPlatforms) = postSolution
		{6A3902CE-51F9-4EF6-A01B-2099CB5D0020}.Debug|Any CPU.ActiveCfg = Debug|Any CPU
		{6A3902CE-51F9-4EF6-A01B-2099CB5D0020}.Debug|Any CPU.Build.0 = Debug|Any CPU
		{6A3902CE-51F9-4EF6-A01B-2099CB5D0020}.Release|Any CPU.ActiveCfg = Release|Any CPU
		{6A3902CE-51F9-4EF6-A01B-2099CB5D0020}.Release|Any CPU.Build.0 = Release|Any CPU
	EndGlobalSection
	GlobalSection(SolutionProperties) = preSolution
		HideSolutionNode = FALSE
	EndGlobalSection
	GlobalSection(ExtensibilityGlobals) = postSolution
		SolutionGuid = {E0730269-4EFD-4445-B1D7-4A2B9EE54B3B}
	EndGlobalSection
EndGlobal
